
Microsoft Visual Studio Solution File, Format Version 12.00
# Visual Studio Version 17
VisualStudioVersion = 17.9.34714.143
MinimumVisualStudioVersion = 10.0.40219.1
Project("{FAE04EC0-301F-11D3-BF4B-00C04F79EFBC}") = "LinqToDatabase", "LinqToDatabase\LinqToDatabase.csproj", "{7D69C67B-C06A-496D-883C-A5F3A4D3424E}"
EndProject
Global
	GlobalSection(SolutionConfigurationPlatforms) = preSolution
		Debug|Any CPU = Debug|Any CPU
		Release|Any CPU = Release|Any CPU
	EndGlobalSection
	GlobalSection(ProjectConfigurationPlatforms) = postSolution
		{7D69C67B-C06A-496D-883C-A5F3A4D3424E}.Debug|Any CPU.ActiveCfg = Debug|Any CPU
		{7D69C67B-C06A-496D-883C-A5F3A4D3424E}.Debug|Any CPU.Build.0 = Debug|Any CPU
		{7D69C67B-C06A-496D-883C-A5F3A4D3424E}.Release|Any CPU.ActiveCfg = Release|Any CPU
		{7D69C67B-C06A-496D-883C-A5F3A4D3424E}.Release|Any CPU.Build.0 = Release|Any CPU
	EndGlobalSection
	GlobalSection(SolutionProperties) = preSolution
		HideSolutionNode = FALSE
	EndGlobalSection
	GlobalSection(ExtensibilityGlobals) = postSolution
		SolutionGuid = {865AC1BB-E42D-4345-A8AE-E34575137E02}
	EndGlobalSection
EndGlobal
